
Microsoft Visual Studio Solution File, Format Version 12.00
# Visual Studio Version 17
VisualStudioVersion = 17.4.33213.308
MinimumVisualStudioVersion = 10.0.40219.1
Project("{FAE04EC0-301F-11D3-BF4B-00C04F79EFBC}") = "CarMultiLease", "CarMultiLease\CarMultiLease.csproj", "{3E55D7E4-341B-4CA7-A5DD-DD46A195C46E}"
EndProject
Global
	GlobalSection(SolutionConfigurationPlatforms) = preSolution
		Debug|Any CPU = Debug|Any CPU
		Release|Any CPU = Release|Any CPU
	EndGlobalSection
	GlobalSection(ProjectConfigurationPlatforms) = postSolution
		{3E55D7E4-341B-4CA7-A5DD-DD46A195C46E}.Debug|Any CPU.ActiveCfg = Debug|Any CPU
		{3E55D7E4-341B-4CA7-A5DD-DD46A195C46E}.Debug|Any CPU.Build.0 = Debug|Any CPU
		{3E55D7E4-341B-4CA7-A5DD-DD46A195C46E}.Release|Any CPU.ActiveCfg = Release|Any CPU
		{3E55D7E4-341B-4CA7-A5DD-DD46A195C46E}.Release|Any CPU.Build.0 = Release|Any CPU
	EndGlobalSection
	GlobalSection(SolutionProperties) = preSolution
		HideSolutionNode = FALSE
	EndGlobalSection
	GlobalSection(ExtensibilityGlobals) = postSolution
		SolutionGuid = {26198D9B-5129-4028-AE13-07232988A109}
	EndGlobalSection
EndGlobal
